
Microsoft Visual Studio Solution File, Format Version 12.00
# Visual Studio Version 17
VisualStudioVersion = 17.0.32014.148
MinimumVisualStudioVersion = 10.0.40219.1
Project("{9A19103F-16F7-4668-BE54-9A1E7A4F7556}") = "IcePaymentAPI", "IcePayment\IcePaymentAPI.csproj", "{520823BB-1DBB-4469-A0BC-9E53B201AC24}"
EndProject
Global
	GlobalSection(SolutionConfigurationPlatforms) = preSolution
		Debug|Any CPU = Debug|Any CPU
		Release|Any CPU = Release|Any CPU
	EndGlobalSection
	GlobalSection(ProjectConfigurationPlatforms) = postSolution
		{520823BB-1DBB-4469-A0BC-9E53B201AC24}.Debug|Any CPU.ActiveCfg = Debug|Any CPU
		{520823BB-1DBB-4469-A0BC-9E53B201AC24}.Debug|Any CPU.Build.0 = Debug|Any CPU
		{520823BB-1DBB-4469-A0BC-9E53B201AC24}.Release|Any CPU.ActiveCfg = Release|Any CPU
		{520823BB-1DBB-4469-A0BC-9E53B201AC24}.Release|Any CPU.Build.0 = Release|Any CPU
	EndGlobalSection
	GlobalSection(SolutionProperties) = preSolution
		HideSolutionNode = FALSE
	EndGlobalSection
	GlobalSection(ExtensibilityGlobals) = postSolution
		SolutionGuid = {2831B5BE-3D2D-413B-9A6D-312E7C7E3530}
	EndGlobalSection
EndGlobal
